
Microsoft Visual Studio Solution File, Format Version 12.00
# Visual Studio Version 17
VisualStudioVersion = 17.1.32210.238
MinimumVisualStudioVersion = 10.0.40219.1
Project("{FAE04EC0-301F-11D3-BF4B-00C04F79EFBC}") = "Entities", "Entities\Entities.csproj", "{4F838AAF-4A07-4544-8DFD-52B8D462351E}"
EndProject
Project("{FAE04EC0-301F-11D3-BF4B-00C04F79EFBC}") = "DataAccess", "DataAccess\DataAccess.csproj", "{8319A8D7-E08F-41F6-8068-D086C371C0BC}"
EndProject
Project("{FAE04EC0-301F-11D3-BF4B-00C04F79EFBC}") = "Business", "Business\Business.csproj", "{7D4CB16A-F17C-4BFB-B952-8D3BDF784709}"
EndProject
Project("{FAE04EC0-301F-11D3-BF4B-00C04F79EFBC}") = "ConsoleTest", "ConsoleTest\ConsoleTest.csproj", "{108466BC-1F08-4A10-A1E3-698D71D072E8}"
EndProject
Project("{FAE04EC0-301F-11D3-BF4B-00C04F79EFBC}") = "Core", "Core\Core.csproj", "{27512FAE-3634-49F1-B8A5-2B61270B8E69}"
EndProject
Project("{FAE04EC0-301F-11D3-BF4B-00C04F79EFBC}") = "WebAPI", "WebAPI\WebAPI.csproj", "{A2120F10-B9E9-4A25-BCC5-B40CD4540E72}"
EndProject
Global
	GlobalSection(SolutionConfigurationPlatforms) = preSolution
		Debug|Any CPU = Debug|Any CPU
		Release|Any CPU = Release|Any CPU
	EndGlobalSection
	GlobalSection(ProjectConfigurationPlatforms) = postSolution
		{4F838AAF-4A07-4544-8DFD-52B8D462351E}.Debug|Any CPU.ActiveCfg = Debug|Any CPU
		{4F838AAF-4A07-4544-8DFD-52B8D462351E}.Debug|Any CPU.Build.0 = Debug|Any CPU
		{4F838AAF-4A07-4544-8DFD-52B8D462351E}.Release|Any CPU.ActiveCfg = Release|Any CPU
		{4F838AAF-4A07-4544-8DFD-52B8D462351E}.Release|Any CPU.Build.0 = Release|Any CPU
		{8319A8D7-E08F-41F6-8068-D086C371C0BC}.Debug|Any CPU.ActiveCfg = Debug|Any CPU
		{8319A8D7-E08F-41F6-8068-D086C371C0BC}.Debug|Any CPU.Build.0 = Debug|Any CPU
		{8319A8D7-E08F-41F6-8068-D086C371C0BC}.Release|Any CPU.ActiveCfg = Release|Any CPU
		{8319A8D7-E08F-41F6-8068-D086C371C0BC}.Release|Any CPU.Build.0 = Release|Any CPU
		{7D4CB16A-F17C-4BFB-B952-8D3BDF784709}.Debug|Any CPU.ActiveCfg = Debug|Any CPU
		{7D4CB16A-F17C-4BFB-B952-8D3BDF784709}.Debug|Any CPU.Build.0 = Debug|Any CPU
		{7D4CB16A-F17C-4BFB-B952-8D3BDF784709}.Release|Any CPU.ActiveCfg = Release|Any CPU
		{7D4CB16A-F17C-4BFB-B952-8D3BDF784709}.Release|Any CPU.Build.0 = Release|Any CPU
		{108466BC-1F08-4A10-A1E3-698D71D072E8}.Debug|Any CPU.ActiveCfg = Debug|Any CPU
		{108466BC-1F08-4A10-A1E3-698D71D072E8}.Debug|Any CPU.Build.0 = Debug|Any CPU
		{108466BC-1F08-4A10-A1E3-698D71D072E8}.Release|Any CPU.ActiveCfg = Release|Any CPU
		{108466BC-1F08-4A10-A1E3-698D71D072E8}.Release|Any CPU.Build.0 = Release|Any CPU
		{27512FAE-3634-49F1-B8A5-2B61270B8E69}.Debug|Any CPU.ActiveCfg = Debug|Any CPU
		{27512FAE-3634-49F1-B8A5-2B61270B8E69}.Debug|Any CPU.Build.0 = Debug|Any CPU
		{27512FAE-3634-49F1-B8A5-2B61270B8E69}.Release|Any CPU.ActiveCfg = Release|Any CPU
		{27512FAE-3634-49F1-B8A5-2B61270B8E69}.Release|Any CPU.Build.0 = Release|Any CPU
		{A2120F10-B9E9-4A25-BCC5-B40CD4540E72}.Debug|Any CPU.ActiveCfg = Debug|Any CPU
		{A2120F10-B9E9-4A25-BCC5-B40CD4540E72}.Debug|Any CPU.Build.0 = Debug|Any CPU
		{A2120F10-B9E9-4A25-BCC5-B40CD4540E72}.Release|Any CPU.ActiveCfg = Release|Any CPU
		{A2120F10-B9E9-4A25-BCC5-B40CD4540E72}.Release|Any CPU.Build.0 = Release|Any CPU
	EndGlobalSection
	GlobalSection(SolutionProperties) = preSolution
		HideSolutionNode = FALSE
	EndGlobalSection
	GlobalSection(ExtensibilityGlobals) = postSolution
		SolutionGuid = {D8254FAF-881D-4F44-8747-509F8406A97D}
	EndGlobalSection
EndGlobal
